
Microsoft Visual Studio Solution File, Format Version 12.00
# Visual Studio 2015
Project("{FAE04EC0-301F-11D3-BF4B-00C04F79EFBC}") = "hor1.CSharp.Plugins", "hor1.CSharp.Plugins.csproj", "{D07D414D-417D-8A7A-B8E6-D858D22EFC62}"
EndProject
Project("{FAE04EC0-301F-11D3-BF4B-00C04F79EFBC}") = "hor1.CSharp", "hor1.CSharp.csproj", "{00622878-8AA9-8DC9-AEAC-13CF00158533}"
EndProject
Project("{FAE04EC0-301F-11D3-BF4B-00C04F79EFBC}") = "hor1.CSharp.Editor", "hor1.CSharp.Editor.csproj", "{5E33BA88-A97B-1FFB-8BCA-6989DE34F5E2}"
EndProject
Global
	GlobalSection(SolutionConfigurationPlatforms) = preSolution
		Debug|Any CPU = Debug|Any CPU
		Release|Any CPU = Release|Any CPU
	EndGlobalSection
	GlobalSection(ProjectConfigurationPlatforms) = postSolution
		{D07D414D-417D-8A7A-B8E6-D858D22EFC62}.Debug|Any CPU.ActiveCfg = Debug|Any CPU
		{D07D414D-417D-8A7A-B8E6-D858D22EFC62}.Debug|Any CPU.Build.0 = Debug|Any CPU
		{D07D414D-417D-8A7A-B8E6-D858D22EFC62}.Release|Any CPU.ActiveCfg = Release|Any CPU
		{D07D414D-417D-8A7A-B8E6-D858D22EFC62}.Release|Any CPU.Build.0 = Release|Any CPU
		{00622878-8AA9-8DC9-AEAC-13CF00158533}.Debug|Any CPU.ActiveCfg = Debug|Any CPU
		{00622878-8AA9-8DC9-AEAC-13CF00158533}.Debug|Any CPU.Build.0 = Debug|Any CPU
		{00622878-8AA9-8DC9-AEAC-13CF00158533}.Release|Any CPU.ActiveCfg = Release|Any CPU
		{00622878-8AA9-8DC9-AEAC-13CF00158533}.Release|Any CPU.Build.0 = Release|Any CPU
		{5E33BA88-A97B-1FFB-8BCA-6989DE34F5E2}.Debug|Any CPU.ActiveCfg = Debug|Any CPU
		{5E33BA88-A97B-1FFB-8BCA-6989DE34F5E2}.Debug|Any CPU.Build.0 = Debug|Any CPU
		{5E33BA88-A97B-1FFB-8BCA-6989DE34F5E2}.Release|Any CPU.ActiveCfg = Release|Any CPU
		{5E33BA88-A97B-1FFB-8BCA-6989DE34F5E2}.Release|Any CPU.Build.0 = Release|Any CPU
	EndGlobalSection
	GlobalSection(SolutionProperties) = preSolution
		HideSolutionNode = FALSE
	EndGlobalSection
EndGlobal
