Microsoft Visual Studio Solution File, Format Version 11.00
# Visual Studio 2008

Project("{720056D3-8C1E-6837-7D5F-F0EA35F1D1AD}") = "Hor1", "Assembly-CSharp-firstpass.csproj", "{506B12DF-3C1B-671E-0FC8-933B2681784D}"
EndProject
Project("{720056D3-8C1E-6837-7D5F-F0EA35F1D1AD}") = "Hor1", "Assembly-CSharp.csproj", "{DCD2F6D7-A95B-89DB-827F-C9AD5E4834A3}"
EndProject
Project("{720056D3-8C1E-6837-7D5F-F0EA35F1D1AD}") = "Hor1", "Assembly-CSharp-Editor.csproj", "{5DECF444-12C9-5321-B627-2E5102B9049A}"
EndProject
Global
	GlobalSection(SolutionConfigurationPlatforms) = preSolution
		Debug|Any CPU = Debug|Any CPU
		Release|Any CPU = Release|Any CPU
	EndGlobalSection
	GlobalSection(ProjectConfigurationPlatforms) = postSolution
		{506B12DF-3C1B-671E-0FC8-933B2681784D}.Debug|Any CPU.ActiveCfg = Debug|Any CPU
		{506B12DF-3C1B-671E-0FC8-933B2681784D}.Debug|Any CPU.Build.0 = Debug|Any CPU
		{506B12DF-3C1B-671E-0FC8-933B2681784D}.Release|Any CPU.ActiveCfg = Release|Any CPU
		{506B12DF-3C1B-671E-0FC8-933B2681784D}.Release|Any CPU.Build.0 = Release|Any CPU
		{DCD2F6D7-A95B-89DB-827F-C9AD5E4834A3}.Debug|Any CPU.ActiveCfg = Debug|Any CPU
		{DCD2F6D7-A95B-89DB-827F-C9AD5E4834A3}.Debug|Any CPU.Build.0 = Debug|Any CPU
		{DCD2F6D7-A95B-89DB-827F-C9AD5E4834A3}.Release|Any CPU.ActiveCfg = Release|Any CPU
		{DCD2F6D7-A95B-89DB-827F-C9AD5E4834A3}.Release|Any CPU.Build.0 = Release|Any CPU
		{5DECF444-12C9-5321-B627-2E5102B9049A}.Debug|Any CPU.ActiveCfg = Debug|Any CPU
		{5DECF444-12C9-5321-B627-2E5102B9049A}.Debug|Any CPU.Build.0 = Debug|Any CPU
		{5DECF444-12C9-5321-B627-2E5102B9049A}.Release|Any CPU.ActiveCfg = Release|Any CPU
		{5DECF444-12C9-5321-B627-2E5102B9049A}.Release|Any CPU.Build.0 = Release|Any CPU
	EndGlobalSection
	GlobalSection(SolutionProperties) = preSolution
		HideSolutionNode = FALSE
	EndGlobalSection
	GlobalSection(MonoDevelopProperties) = preSolution
		StartupItem = Assembly-CSharp.csproj
	EndGlobalSection
EndGlobal
