
Microsoft Visual Studio Solution File, Format Version 12.00
# Visual Studio 2015
Project("{FAE04EC0-301F-11D3-BF4B-00C04F79EFBC}") = "Hor1.Plugins", "Hor1.Plugins.csproj", "{DD424EE7-98FA-BE91-BF62-D7A89BF95C3A}"
EndProject
Project("{FAE04EC0-301F-11D3-BF4B-00C04F79EFBC}") = "Hor1", "Hor1.csproj", "{DE01D2E5-F43C-9677-9293-E7429458C460}"
EndProject
Project("{FAE04EC0-301F-11D3-BF4B-00C04F79EFBC}") = "Hor1.Editor", "Hor1.Editor.csproj", "{F15D7DAB-ED4E-C869-B0B6-DD831AA904A1}"
EndProject
Global
	GlobalSection(SolutionConfigurationPlatforms) = preSolution
		Debug|Any CPU = Debug|Any CPU
		Release|Any CPU = Release|Any CPU
	EndGlobalSection
	GlobalSection(ProjectConfigurationPlatforms) = postSolution
		{DD424EE7-98FA-BE91-BF62-D7A89BF95C3A}.Debug|Any CPU.ActiveCfg = Debug|Any CPU
		{DD424EE7-98FA-BE91-BF62-D7A89BF95C3A}.Debug|Any CPU.Build.0 = Debug|Any CPU
		{DD424EE7-98FA-BE91-BF62-D7A89BF95C3A}.Release|Any CPU.ActiveCfg = Release|Any CPU
		{DD424EE7-98FA-BE91-BF62-D7A89BF95C3A}.Release|Any CPU.Build.0 = Release|Any CPU
		{DE01D2E5-F43C-9677-9293-E7429458C460}.Debug|Any CPU.ActiveCfg = Debug|Any CPU
		{DE01D2E5-F43C-9677-9293-E7429458C460}.Debug|Any CPU.Build.0 = Debug|Any CPU
		{DE01D2E5-F43C-9677-9293-E7429458C460}.Release|Any CPU.ActiveCfg = Release|Any CPU
		{DE01D2E5-F43C-9677-9293-E7429458C460}.Release|Any CPU.Build.0 = Release|Any CPU
		{F15D7DAB-ED4E-C869-B0B6-DD831AA904A1}.Debug|Any CPU.ActiveCfg = Debug|Any CPU
		{F15D7DAB-ED4E-C869-B0B6-DD831AA904A1}.Debug|Any CPU.Build.0 = Debug|Any CPU
		{F15D7DAB-ED4E-C869-B0B6-DD831AA904A1}.Release|Any CPU.ActiveCfg = Release|Any CPU
		{F15D7DAB-ED4E-C869-B0B6-DD831AA904A1}.Release|Any CPU.Build.0 = Release|Any CPU
	EndGlobalSection
	GlobalSection(SolutionProperties) = preSolution
		HideSolutionNode = FALSE
	EndGlobalSection
EndGlobal
